
Microsoft Visual Studio Solution File, Format Version 12.00
# Visual Studio Version 16
VisualStudioVersion = 16.0.31515.178
MinimumVisualStudioVersion = 10.0.40219.1
Project("{FAE04EC0-301F-11D3-BF4B-00C04F79EFBC}") = "Calculator", "Calculator\Calculator.csproj", "{547276EF-692F-471F-8FDD-2AB3179FD5D9}"
EndProject
Global
	GlobalSection(SolutionConfigurationPlatforms) = preSolution
		Debug|Any CPU = Debug|Any CPU
		Release|Any CPU = Release|Any CPU
	EndGlobalSection
	GlobalSection(ProjectConfigurationPlatforms) = postSolution
		{547276EF-692F-471F-8FDD-2AB3179FD5D9}.Debug|Any CPU.ActiveCfg = Debug|Any CPU
		{547276EF-692F-471F-8FDD-2AB3179FD5D9}.Debug|Any CPU.Build.0 = Debug|Any CPU
		{547276EF-692F-471F-8FDD-2AB3179FD5D9}.Release|Any CPU.ActiveCfg = Release|Any CPU
		{547276EF-692F-471F-8FDD-2AB3179FD5D9}.Release|Any CPU.Build.0 = Release|Any CPU
	EndGlobalSection
	GlobalSection(SolutionProperties) = preSolution
		HideSolutionNode = FALSE
	EndGlobalSection
	GlobalSection(ExtensibilityGlobals) = postSolution
		SolutionGuid = {65D76E2E-B145-4234-8086-BBC292F3572A}
	EndGlobalSection
EndGlobal
